
Microsoft Visual Studio Solution File, Format Version 12.00
# Visual Studio Version 17
VisualStudioVersion = 17.13.35913.81 d17.13
MinimumVisualStudioVersion = 10.0.40219.1
Project("{FAE04EC0-301F-11D3-BF4B-00C04F79EFBC}") = "LukeDino", "LukeDino\LukeDino.csproj", "{792C890E-A55C-4140-BB54-CD1AD13FB812}"
EndProject
Global
	GlobalSection(SolutionConfigurationPlatforms) = preSolution
		Debug|Any CPU = Debug|Any CPU
		Release|Any CPU = Release|Any CPU
	EndGlobalSection
	GlobalSection(ProjectConfigurationPlatforms) = postSolution
		{792C890E-A55C-4140-BB54-CD1AD13FB812}.Debug|Any CPU.ActiveCfg = Debug|Any CPU
		{792C890E-A55C-4140-BB54-CD1AD13FB812}.Debug|Any CPU.Build.0 = Debug|Any CPU
		{792C890E-A55C-4140-BB54-CD1AD13FB812}.Release|Any CPU.ActiveCfg = Release|Any CPU
		{792C890E-A55C-4140-BB54-CD1AD13FB812}.Release|Any CPU.Build.0 = Release|Any CPU
	EndGlobalSection
	GlobalSection(SolutionProperties) = preSolution
		HideSolutionNode = FALSE
	EndGlobalSection
	GlobalSection(ExtensibilityGlobals) = postSolution
		SolutionGuid = {B0F62A36-0BC8-4831-9A03-5D12EDB95770}
	EndGlobalSection
EndGlobal
